// !$*UTF8*$!
{
	archiveVersion = 1;
	classes = {
	};
	objectVersion = 46;
	objects = {

/* Begin PBXBuildFile section */
		95150C751E84097100458339 /* Image.swift in Sources */ = {isa = PBXBuildFile; fileRef = 95150C741E84097100458339 /* Image.swift */; };
		95150C781E840BD900458339 /* ImageDictionary.swift in Sources */ = {isa = PBXBuildFile; fileRef = 95150C771E840BD900458339 /* ImageDictionary.swift */; };
		95150C7B1E843F4400458339 /* LoadingExtension.swift in Sources */ = {isa = PBXBuildFile; fileRef = 95150C7A1E843F4400458339 /* LoadingExtension.swift */; };
		951697E71E83E6210061550C /* HttpRequester.swift in Sources */ = {isa = PBXBuildFile; fileRef = 951697E61E83E6210061550C /* HttpRequester.swift */; };
		951697E91E83F0990061550C /* HttpRequesterDelegate.swift in Sources */ = {isa = PBXBuildFile; fileRef = 951697E81E83F0990061550C /* HttpRequesterDelegate.swift */; };
		9552BF681E8D2F3400DCC0E1 /* CategoriesTableViewCell.swift in Sources */ = {isa = PBXBuildFile; fileRef = 9552BF661E8D2F3400DCC0E1 /* CategoriesTableViewCell.swift */; };
		9552BF691E8D2F3400DCC0E1 /* CategoriesTableViewCell.xib in Resources */ = {isa = PBXBuildFile; fileRef = 9552BF671E8D2F3400DCC0E1 /* CategoriesTableViewCell.xib */; };
		95673AA51E8132C400D53205 /* AppDelegate.swift in Sources */ = {isa = PBXBuildFile; fileRef = 95673AA41E8132C400D53205 /* AppDelegate.swift */; };
		95673AAA1E8132C400D53205 /* Main.storyboard in Resources */ = {isa = PBXBuildFile; fileRef = 95673AA81E8132C400D53205 /* Main.storyboard */; };
		95673AAC1E8132C400D53205 /* Assets.xcassets in Resources */ = {isa = PBXBuildFile; fileRef = 95673AAB1E8132C400D53205 /* Assets.xcassets */; };
		95673AAF1E8132C400D53205 /* LaunchScreen.storyboard in Resources */ = {isa = PBXBuildFile; fileRef = 95673AAD1E8132C400D53205 /* LaunchScreen.storyboard */; };
		959F6DA11E81BE270066C20E /* CategoriesTableViewController.swift in Sources */ = {isa = PBXBuildFile; fileRef = 959F6DA01E81BE270066C20E /* CategoriesTableViewController.swift */; };
		95E5AFEA1E8693D500AD3FDB /* PopularCollectionViewController.swift in Sources */ = {isa = PBXBuildFile; fileRef = 95E5AFE91E8693D500AD3FDB /* PopularCollectionViewController.swift */; };
		95F49A021E87EC950035C233 /* ImageCollectionCell.swift in Sources */ = {isa = PBXBuildFile; fileRef = 95F49A001E87EC950035C233 /* ImageCollectionCell.swift */; };
		95F49A031E87EC950035C233 /* ImageCollectionCell.xib in Resources */ = {isa = PBXBuildFile; fileRef = 95F49A011E87EC950035C233 /* ImageCollectionCell.xib */; };
		D457E3009F497247C8003F75 /* Pods_Wallpapers.framework in Frameworks */ = {isa = PBXBuildFile; fileRef = DA6DC1E0BCFA30B7CB26E2E7 /* Pods_Wallpapers.framework */; };
/* End PBXBuildFile section */

/* Begin PBXFileReference section */
		30911C8CF96119E52A9C5F86 /* Pods-Wallpapers.release.xcconfig */ = {isa = PBXFileReference; includeInIndex = 1; lastKnownFileType = text.xcconfig; name = "Pods-Wallpapers.release.xcconfig"; path = "Pods/Target Support Files/Pods-Wallpapers/Pods-Wallpapers.release.xcconfig"; sourceTree = "<group>"; };
		95150C741E84097100458339 /* Image.swift */ = {isa = PBXFileReference; fileEncoding = 4; lastKnownFileType = sourcecode.swift; name = Image.swift; path = Models/Image.swift; sourceTree = "<group>"; };
		95150C771E840BD900458339 /* ImageDictionary.swift */ = {isa = PBXFileReference; fileEncoding = 4; lastKnownFileType = sourcecode.swift; name = ImageDictionary.swift; path = Models/DictExtensions/ImageDictionary.swift; sourceTree = "<group>"; };
		95150C7A1E843F4400458339 /* LoadingExtension.swift */ = {isa = PBXFileReference; fileEncoding = 4; lastKnownFileType = sourcecode.swift; name = LoadingExtension.swift; path = ViewControllers/Extensions/LoadingExtension.swift; sourceTree = "<group>"; };
		951697E61E83E6210061550C /* HttpRequester.swift */ = {isa = PBXFileReference; fileEncoding = 4; lastKnownFileType = sourcecode.swift; name = HttpRequester.swift; path = Http/HttpRequester.swift; sourceTree = "<group>"; };
		951697E81E83F0990061550C /* HttpRequesterDelegate.swift */ = {isa = PBXFileReference; fileEncoding = 4; lastKnownFileType = sourcecode.swift; name = HttpRequesterDelegate.swift; path = Http/HttpRequesterDelegate.swift; sourceTree = "<group>"; };
		9552BF661E8D2F3400DCC0E1 /* CategoriesTableViewCell.swift */ = {isa = PBXFileReference; fileEncoding = 4; lastKnownFileType = sourcecode.swift; name = CategoriesTableViewCell.swift; path = Views/CategoriesTableViewCell.swift; sourceTree = "<group>"; };
		9552BF671E8D2F3400DCC0E1 /* CategoriesTableViewCell.xib */ = {isa = PBXFileReference; fileEncoding = 4; lastKnownFileType = file.xib; name = CategoriesTableViewCell.xib; path = Views/CategoriesTableViewCell.xib; sourceTree = "<group>"; };
		95673AA11E8132C400D53205 /* Wallpapers.app */ = {isa = PBXFileReference; explicitFileType = wrapper.application; includeInIndex = 0; path = Wallpapers.app; sourceTree = BUILT_PRODUCTS_DIR; };
		95673AA41E8132C400D53205 /* AppDelegate.swift */ = {isa = PBXFileReference; lastKnownFileType = sourcecode.swift; path = AppDelegate.swift; sourceTree = "<group>"; };
		95673AA91E8132C400D53205 /* Base */ = {isa = PBXFileReference; lastKnownFileType = file.storyboard; name = Base; path = Base.lproj/Main.storyboard; sourceTree = "<group>"; };
		95673AAB1E8132C400D53205 /* Assets.xcassets */ = {isa = PBXFileReference; lastKnownFileType = folder.assetcatalog; path = Assets.xcassets; sourceTree = "<group>"; };
		95673AAE1E8132C400D53205 /* Base */ = {isa = PBXFileReference; lastKnownFileType = file.storyboard; name = Base; path = Base.lproj/LaunchScreen.storyboard; sourceTree = "<group>"; };
		95673AB01E8132C400D53205 /* Info.plist */ = {isa = PBXFileReference; lastKnownFileType = text.plist.xml; path = Info.plist; sourceTree = "<group>"; };
		959F6DA01E81BE270066C20E /* CategoriesTableViewController.swift */ = {isa = PBXFileReference; fileEncoding = 4; lastKnownFileType = sourcecode.swift; path = CategoriesTableViewController.swift; sourceTree = "<group>"; };
		95E5AFE91E8693D500AD3FDB /* PopularCollectionViewController.swift */ = {isa = PBXFileReference; fileEncoding = 4; lastKnownFileType = sourcecode.swift; name = PopularCollectionViewController.swift; path = ViewControllers/PopularCollectionViewController.swift; sourceTree = "<group>"; };
		95F49A001E87EC950035C233 /* ImageCollectionCell.swift */ = {isa = PBXFileReference; fileEncoding = 4; lastKnownFileType = sourcecode.swift; name = ImageCollectionCell.swift; path = Views/ImageCollectionCell.swift; sourceTree = "<group>"; };
		95F49A011E87EC950035C233 /* ImageCollectionCell.xib */ = {isa = PBXFileReference; fileEncoding = 4; lastKnownFileType = file.xib; name = ImageCollectionCell.xib; path = Views/ImageCollectionCell.xib; sourceTree = "<group>"; };
		DA6DC1E0BCFA30B7CB26E2E7 /* Pods_Wallpapers.framework */ = {isa = PBXFileReference; explicitFileType = wrapper.framework; includeInIndex = 0; path = Pods_Wallpapers.framework; sourceTree = BUILT_PRODUCTS_DIR; };
		E646AA056DEAB31471B6674A /* Pods-Wallpapers.debug.xcconfig */ = {isa = PBXFileReference; includeInIndex = 1; lastKnownFileType = text.xcconfig; name = "Pods-Wallpapers.debug.xcconfig"; path = "Pods/Target Support Files/Pods-Wallpapers/Pods-Wallpapers.debug.xcconfig"; sourceTree = "<group>"; };
/* End PBXFileReference section */

/* Begin PBXFrameworksBuildPhase section */
		95673A9E1E8132C400D53205 /* Frameworks */ = {
			isa = PBXFrameworksBuildPhase;
			buildActionMask = 2147483647;
			files = (
				D457E3009F497247C8003F75 /* Pods_Wallpapers.framework in Frameworks */,
			);
			runOnlyForDeploymentPostprocessing = 0;
		};
/* End PBXFrameworksBuildPhase section */

/* Begin PBXGroup section */
		52F2154AD8DEF7DDF01E8D2A /* Pods */ = {
			isa = PBXGroup;
			children = (
				E646AA056DEAB31471B6674A /* Pods-Wallpapers.debug.xcconfig */,
				30911C8CF96119E52A9C5F86 /* Pods-Wallpapers.release.xcconfig */,
			);
			name = Pods;
			sourceTree = "<group>";
		};
		95150C731E84092400458339 /* Models */ = {
			isa = PBXGroup;
			children = (
				95150C761E840B9C00458339 /* DictExtensions */,
				95150C741E84097100458339 /* Image.swift */,
			);
			name = Models;
			sourceTree = "<group>";
		};
		95150C761E840B9C00458339 /* DictExtensions */ = {
			isa = PBXGroup;
			children = (
				95150C771E840BD900458339 /* ImageDictionary.swift */,
			);
			name = DictExtensions;
			sourceTree = "<group>";
		};
		95150C791E843F0000458339 /* Extensions */ = {
			isa = PBXGroup;
			children = (
				95150C7A1E843F4400458339 /* LoadingExtension.swift */,
			);
			name = Extensions;
			sourceTree = "<group>";
		};
		951697E51E83E5CB0061550C /* Http */ = {
			isa = PBXGroup;
			children = (
				951697E61E83E6210061550C /* HttpRequester.swift */,
				951697E81E83F0990061550C /* HttpRequesterDelegate.swift */,
			);
			name = Http;
			sourceTree = "<group>";
		};
		951697EA1E83F7E70061550C /* ViewControllers */ = {
			isa = PBXGroup;
			children = (
				95150C791E843F0000458339 /* Extensions */,
				959F6DA01E81BE270066C20E /* CategoriesTableViewController.swift */,
				95E5AFE91E8693D500AD3FDB /* PopularCollectionViewController.swift */,
			);
			name = ViewControllers;
			sourceTree = "<group>";
		};
		95673A981E8132C400D53205 = {
			isa = PBXGroup;
			children = (
				95673AA31E8132C400D53205 /* Wallpapers */,
				95673AA21E8132C400D53205 /* Products */,
				52F2154AD8DEF7DDF01E8D2A /* Pods */,
				C74E60B908F897C500D17841 /* Frameworks */,
			);
			sourceTree = "<group>";
		};
		95673AA21E8132C400D53205 /* Products */ = {
			isa = PBXGroup;
			children = (
				95673AA11E8132C400D53205 /* Wallpapers.app */,
			);
			name = Products;
			sourceTree = "<group>";
		};
		95673AA31E8132C400D53205 /* Wallpapers */ = {
			isa = PBXGroup;
			children = (
				95F499FF1E87EB6E0035C233 /* Views */,
				95150C731E84092400458339 /* Models */,
				951697EA1E83F7E70061550C /* ViewControllers */,
				951697E51E83E5CB0061550C /* Http */,
				95673AA41E8132C400D53205 /* AppDelegate.swift */,
				95673AA81E8132C400D53205 /* Main.storyboard */,
				95673AAB1E8132C400D53205 /* Assets.xcassets */,
				95673AAD1E8132C400D53205 /* LaunchScreen.storyboard */,
				95673AB01E8132C400D53205 /* Info.plist */,
			);
			path = Wallpapers;
			sourceTree = "<group>";
		};
		95F499FF1E87EB6E0035C233 /* Views */ = {
			isa = PBXGroup;
			children = (
				95F49A001E87EC950035C233 /* ImageCollectionCell.swift */,
				95F49A011E87EC950035C233 /* ImageCollectionCell.xib */,
				9552BF661E8D2F3400DCC0E1 /* CategoriesTableViewCell.swift */,
				9552BF671E8D2F3400DCC0E1 /* CategoriesTableViewCell.xib */,
			);
			name = Views;
			sourceTree = "<group>";
		};
		C74E60B908F897C500D17841 /* Frameworks */ = {
			isa = PBXGroup;
			children = (
				DA6DC1E0BCFA30B7CB26E2E7 /* Pods_Wallpapers.framework */,
			);
			name = Frameworks;
			sourceTree = "<group>";
		};
/* End PBXGroup section */

/* Begin PBXNativeTarget section */
		95673AA01E8132C400D53205 /* Wallpapers */ = {
			isa = PBXNativeTarget;
			buildConfigurationList = 95673AB31E8132C400D53205 /* Build configuration list for PBXNativeTarget "Wallpapers" */;
			buildPhases = (
				6CB5EDBEA1BD456C05E2EF48 /* [CP] Check Pods Manifest.lock */,
				95673A9D1E8132C400D53205 /* Sources */,
				95673A9E1E8132C400D53205 /* Frameworks */,
				95673A9F1E8132C400D53205 /* Resources */,
				6EB3DEC0450C87EBD39C87D9 /* [CP] Embed Pods Frameworks */,
				C9B1FD272D78BF866647F27B /* [CP] Copy Pods Resources */,
			);
			buildRules = (
			);
			dependencies = (
			);
			name = Wallpapers;
			productName = Wallpapers;
			productReference = 95673AA11E8132C400D53205 /* Wallpapers.app */;
			productType = "com.apple.product-type.application";
		};
/* End PBXNativeTarget section */

/* Begin PBXProject section */
		95673A991E8132C400D53205 /* Project object */ = {
			isa = PBXProject;
			attributes = {
				LastSwiftUpdateCheck = 0820;
				LastUpgradeCheck = 0820;
				TargetAttributes = {
					95673AA01E8132C400D53205 = {
						CreatedOnToolsVersion = 8.2.1;
						DevelopmentTeam = N5549H5PLL;
						ProvisioningStyle = Automatic;
					};
				};
			};
			buildConfigurationList = 95673A9C1E8132C400D53205 /* Build configuration list for PBXProject "Wallpapers" */;
			compatibilityVersion = "Xcode 3.2";
			developmentRegion = English;
			hasScannedForEncodings = 0;
			knownRegions = (
				en,
				Base,
			);
			mainGroup = 95673A981E8132C400D53205;
			productRefGroup = 95673AA21E8132C400D53205 /* Products */;
			projectDirPath = "";
			projectRoot = "";
			targets = (
				95673AA01E8132C400D53205 /* Wallpapers */,
			);
		};
/* End PBXProject section */

/* Begin PBXResourcesBuildPhase section */
		95673A9F1E8132C400D53205 /* Resources */ = {
			isa = PBXResourcesBuildPhase;
			buildActionMask = 2147483647;
			files = (
				95673AAF1E8132C400D53205 /* LaunchScreen.storyboard in Resources */,
				95673AAC1E8132C400D53205 /* Assets.xcassets in Resources */,
				9552BF691E8D2F3400DCC0E1 /* CategoriesTableViewCell.xib in Resources */,
				95673AAA1E8132C400D53205 /* Main.storyboard in Resources */,
				95F49A031E87EC950035C233 /* ImageCollectionCell.xib in Resources */,
			);
			runOnlyForDeploymentPostprocessing = 0;
		};
/* End PBXResourcesBuildPhase section */

/* Begin PBXShellScriptBuildPhase section */
		6CB5EDBEA1BD456C05E2EF48 /* [CP] Check Pods Manifest.lock */ = {
			isa = PBXShellScriptBuildPhase;
			buildActionMask = 2147483647;
			files = (
			);
			inputPaths = (
			);
			name = "[CP] Check Pods Manifest.lock";
			outputPaths = (
			);
			runOnlyForDeploymentPostprocessing = 0;
			shellPath = /bin/sh;
			shellScript = "diff \"${PODS_ROOT}/../Podfile.lock\" \"${PODS_ROOT}/Manifest.lock\" > /dev/null\nif [ $? != 0 ] ; then\n    # print error to STDERR\n    echo \"error: The sandbox is not in sync with the Podfile.lock. Run 'pod install' or update your CocoaPods installation.\" >&2\n    exit 1\nfi\n";
			showEnvVarsInLog = 0;
		};
		6EB3DEC0450C87EBD39C87D9 /* [CP] Embed Pods Frameworks */ = {
			isa = PBXShellScriptBuildPhase;
			buildActionMask = 2147483647;
			files = (
			);
			inputPaths = (
			);
			name = "[CP] Embed Pods Frameworks";
			outputPaths = (
			);
			runOnlyForDeploymentPostprocessing = 0;
			shellPath = /bin/sh;
			shellScript = "\"${SRCROOT}/Pods/Target Support Files/Pods-Wallpapers/Pods-Wallpapers-frameworks.sh\"\n";
			showEnvVarsInLog = 0;
		};
		C9B1FD272D78BF866647F27B /* [CP] Copy Pods Resources */ = {
			isa = PBXShellScriptBuildPhase;
			buildActionMask = 2147483647;
			files = (
			);
			inputPaths = (
			);
			name = "[CP] Copy Pods Resources";
			outputPaths = (
			);
			runOnlyForDeploymentPostprocessing = 0;
			shellPath = /bin/sh;
			shellScript = "\"${SRCROOT}/Pods/Target Support Files/Pods-Wallpapers/Pods-Wallpapers-resources.sh\"\n";
			showEnvVarsInLog = 0;
		};
/* End PBXShellScriptBuildPhase section */

/* Begin PBXSourcesBuildPhase section */
		95673A9D1E8132C400D53205 /* Sources */ = {
			isa = PBXSourcesBuildPhase;
			buildActionMask = 2147483647;
			files = (
				959F6DA11E81BE270066C20E /* CategoriesTableViewController.swift in Sources */,
				95150C751E84097100458339 /* Image.swift in Sources */,
				95150C7B1E843F4400458339 /* LoadingExtension.swift in Sources */,
				951697E91E83F0990061550C /* HttpRequesterDelegate.swift in Sources */,
				95150C781E840BD900458339 /* ImageDictionary.swift in Sources */,
				951697E71E83E6210061550C /* HttpRequester.swift in Sources */,
				95F49A021E87EC950035C233 /* ImageCollectionCell.swift in Sources */,
				95E5AFEA1E8693D500AD3FDB /* PopularCollectionViewController.swift in Sources */,
				95673AA51E8132C400D53205 /* AppDelegate.swift in Sources */,
				9552BF681E8D2F3400DCC0E1 /* CategoriesTableViewCell.swift in Sources */,
			);
			runOnlyForDeploymentPostprocessing = 0;
		};
/* End PBXSourcesBuildPhase section */

/* Begin PBXVariantGroup section */
		95673AA81E8132C400D53205 /* Main.storyboard */ = {
			isa = PBXVariantGroup;
			children = (
				95673AA91E8132C400D53205 /* Base */,
			);
			name = Main.storyboard;
			sourceTree = "<group>";
		};
		95673AAD1E8132C400D53205 /* LaunchScreen.storyboard */ = {
			isa = PBXVariantGroup;
			children = (
				95673AAE1E8132C400D53205 /* Base */,
			);
			name = LaunchScreen.storyboard;
			sourceTree = "<group>";
		};
/* End PBXVariantGroup section */

/* Begin XCBuildConfiguration section */
		95673AB11E8132C400D53205 /* Debug */ = {
			isa = XCBuildConfiguration;
			buildSettings = {
				ALWAYS_SEARCH_USER_PATHS = NO;
				CLANG_ANALYZER_NONNULL = YES;
				CLANG_CXX_LANGUAGE_STANDARD = "gnu++0x";
				CLANG_CXX_LIBRARY = "libc++";
				CLANG_ENABLE_MODULES = YES;
				CLANG_ENABLE_OBJC_ARC = YES;
				CLANG_WARN_BOOL_CONVERSION = YES;
				CLANG_WARN_CONSTANT_CONVERSION = YES;
				CLANG_WARN_DIRECT_OBJC_ISA_USAGE = YES_ERROR;
				CLANG_WARN_DOCUMENTATION_COMMENTS = YES;
				CLANG_WARN_EMPTY_BODY = YES;
				CLANG_WARN_ENUM_CONVERSION = YES;
				CLANG_WARN_INFINITE_RECURSION = YES;
				CLANG_WARN_INT_CONVERSION = YES;
				CLANG_WARN_OBJC_ROOT_CLASS = YES_ERROR;
				CLANG_WARN_SUSPICIOUS_MOVE = YES;
				CLANG_WARN_UNREACHABLE_CODE = YES;
				CLANG_WARN__DUPLICATE_METHOD_MATCH = YES;
				"CODE_SIGN_IDENTITY[sdk=iphoneos*]" = "iPhone Developer";
				COPY_PHASE_STRIP = NO;
				DEBUG_INFORMATION_FORMAT = dwarf;
				ENABLE_STRICT_OBJC_MSGSEND = YES;
				ENABLE_TESTABILITY = YES;
				GCC_C_LANGUAGE_STANDARD = gnu99;
				GCC_DYNAMIC_NO_PIC = NO;
				GCC_NO_COMMON_BLOCKS = YES;
				GCC_OPTIMIZATION_LEVEL = 0;
				GCC_PREPROCESSOR_DEFINITIONS = (
					"DEBUG=1",
					"$(inherited)",
				);
				GCC_WARN_64_TO_32_BIT_CONVERSION = YES;
				GCC_WARN_ABOUT_RETURN_TYPE = YES_ERROR;
				GCC_WARN_UNDECLARED_SELECTOR = YES;
				GCC_WARN_UNINITIALIZED_AUTOS = YES_AGGRESSIVE;
				GCC_WARN_UNUSED_FUNCTION = YES;
				GCC_WARN_UNUSED_VARIABLE = YES;
				IPHONEOS_DEPLOYMENT_TARGET = 10.2;
				MTL_ENABLE_DEBUG_INFO = YES;
				ONLY_ACTIVE_ARCH = YES;
				SDKROOT = iphoneos;
				SWIFT_ACTIVE_COMPILATION_CONDITIONS = DEBUG;
				SWIFT_OPTIMIZATION_LEVEL = "-Onone";
				TARGETED_DEVICE_FAMILY = "1,2";
			};
			name = Debug;
		};
		95673AB21E8132C400D53205 /* Release */ = {
			isa = XCBuildConfiguration;
			buildSettings = {
				ALWAYS_SEARCH_USER_PATHS = NO;
				CLANG_ANALYZER_NONNULL = YES;
				CLANG_CXX_LANGUAGE_STANDARD = "gnu++0x";
				CLANG_CXX_LIBRARY = "libc++";
				CLANG_ENABLE_MODULES = YES;
				CLANG_ENABLE_OBJC_ARC = YES;
				CLANG_WARN_BOOL_CONVERSION = YES;
				CLANG_WARN_CONSTANT_CONVERSION = YES;
				CLANG_WARN_DIRECT_OBJC_ISA_USAGE = YES_ERROR;
				CLANG_WARN_DOCUMENTATION_COMMENTS = YES;
				CLANG_WARN_EMPTY_BODY = YES;
				CLANG_WARN_ENUM_CONVERSION = YES;
				CLANG_WARN_INFINITE_RECURSION = YES;
				CLANG_WARN_INT_CONVERSION = YES;
				CLANG_WARN_OBJC_ROOT_CLASS = YES_ERROR;
				CLANG_WARN_SUSPICIOUS_MOVE = YES;
				CLANG_WARN_UNREACHABLE_CODE = YES;
				CLANG_WARN__DUPLICATE_METHOD_MATCH = YES;
				"CODE_SIGN_IDENTITY[sdk=iphoneos*]" = "iPhone Developer";
				COPY_PHASE_STRIP = NO;
				DEBUG_INFORMATION_FORMAT = "dwarf-with-dsym";
				ENABLE_NS_ASSERTIONS = NO;
				ENABLE_STRICT_OBJC_MSGSEND = YES;
				GCC_C_LANGUAGE_STANDARD = gnu99;
				GCC_NO_COMMON_BLOCKS = YES;
				GCC_WARN_64_TO_32_BIT_CONVERSION = YES;
				GCC_WARN_ABOUT_RETURN_TYPE = YES_ERROR;
				GCC_WARN_UNDECLARED_SELECTOR = YES;
				GCC_WARN_UNINITIALIZED_AUTOS = YES_AGGRESSIVE;
				GCC_WARN_UNUSED_FUNCTION = YES;
				GCC_WARN_UNUSED_VARIABLE = YES;
				IPHONEOS_DEPLOYMENT_TARGET = 10.2;
				MTL_ENABLE_DEBUG_INFO = NO;
				SDKROOT = iphoneos;
				SWIFT_OPTIMIZATION_LEVEL = "-Owholemodule";
				TARGETED_DEVICE_FAMILY = "1,2";
				VALIDATE_PRODUCT = YES;
			};
			name = Release;
		};
		95673AB41E8132C400D53205 /* Debug */ = {
			isa = XCBuildConfiguration;
			baseConfigurationReference = E646AA056DEAB31471B6674A /* Pods-Wallpapers.debug.xcconfig */;
			buildSettings = {
				ASSETCATALOG_COMPILER_APPICON_NAME = AppIcon;
				DEVELOPMENT_TEAM = N5549H5PLL;
				INFOPLIST_FILE = Wallpapers/Info.plist;
				LD_RUNPATH_SEARCH_PATHS = "$(inherited) @executable_path/Frameworks";
				PRODUCT_BUNDLE_IDENTIFIER = com.nicolova.Wallpapers;
				PRODUCT_NAME = "$(TARGET_NAME)";
				SWIFT_VERSION = 3.0;
			};
			name = Debug;
		};
		95673AB51E8132C400D53205 /* Release */ = {
			isa = XCBuildConfiguration;
			baseConfigurationReference = 30911C8CF96119E52A9C5F86 /* Pods-Wallpapers.release.xcconfig */;
			buildSettings = {
				ASSETCATALOG_COMPILER_APPICON_NAME = AppIcon;
				DEVELOPMENT_TEAM = N5549H5PLL;
				INFOPLIST_FILE = Wallpapers/Info.plist;
				LD_RUNPATH_SEARCH_PATHS = "$(inherited) @executable_path/Frameworks";
				PRODUCT_BUNDLE_IDENTIFIER = com.nicolova.Wallpapers;
				PRODUCT_NAME = "$(TARGET_NAME)";
				SWIFT_VERSION = 3.0;
			};
			name = Release;
		};
/* End XCBuildConfiguration section */

/* Begin XCConfigurationList section */
		95673A9C1E8132C400D53205 /* Build configuration list for PBXProject "Wallpapers" */ = {
			isa = XCConfigurationList;
			buildConfigurations = (
				95673AB11E8132C400D53205 /* Debug */,
				95673AB21E8132C400D53205 /* Release */,
			);
			defaultConfigurationIsVisible = 0;
			defaultConfigurationName = Release;
		};
		95673AB31E8132C400D53205 /* Build configuration list for PBXNativeTarget "Wallpapers" */ = {
			isa = XCConfigurationList;
			buildConfigurations = (
				95673AB41E8132C400D53205 /* Debug */,
				95673AB51E8132C400D53205 /* Release */,
			);
			defaultConfigurationIsVisible = 0;
			defaultConfigurationName = Release;
		};
/* End XCConfigurationList section */
	};
	rootObject = 95673A991E8132C400D53205 /* Project object */;
}
